
Microsoft Visual Studio Solution File, Format Version 12.00
# Visual Studio Version 16
VisualStudioVersion = 16.0.31729.503
MinimumVisualStudioVersion = 10.0.40219.1
Project("{FAE04EC0-301F-11D3-BF4B-00C04F79EFBC}") = "AspNetWebApp.API", "src\AspNetWebApp.API\AspNetWebApp.API.csproj", "{A04F5218-B278-4D45-8F7C-25002648F24D}"
EndProject
Global
	GlobalSection(SolutionConfigurationPlatforms) = preSolution
		Debug|Any CPU = Debug|Any CPU
		Release|Any CPU = Release|Any CPU
	EndGlobalSection
	GlobalSection(ProjectConfigurationPlatforms) = postSolution
		{A04F5218-B278-4D45-8F7C-25002648F24D}.Debug|Any CPU.ActiveCfg = Debug|Any CPU
		{A04F5218-B278-4D45-8F7C-25002648F24D}.Debug|Any CPU.Build.0 = Debug|Any CPU
		{A04F5218-B278-4D45-8F7C-25002648F24D}.Release|Any CPU.ActiveCfg = Release|Any CPU
		{A04F5218-B278-4D45-8F7C-25002648F24D}.Release|Any CPU.Build.0 = Release|Any CPU
	EndGlobalSection
	GlobalSection(SolutionProperties) = preSolution
		HideSolutionNode = FALSE
	EndGlobalSection
	GlobalSection(ExtensibilityGlobals) = postSolution
		SolutionGuid = {F6241507-9B69-47EE-890A-FCAAE81D0FE7}
	EndGlobalSection
EndGlobal
